
Microsoft Visual Studio Solution File, Format Version 12.00
# Visual Studio Version 17
VisualStudioVersion = 17.13.35913.81 d17.13
MinimumVisualStudioVersion = 10.0.40219.1
Project("{FAE04EC0-301F-11D3-BF4B-00C04F79EFBC}") = "RigoRigo.API", "RigoRigo.API\RigoRigo.API.csproj", "{0E64FC9D-F183-4906-986D-5E949B0501AA}"
EndProject
Project("{FAE04EC0-301F-11D3-BF4B-00C04F79EFBC}") = "RigoRigo.Business", "RigoRigo.Business\RigoRigo.Business.csproj", "{7F21067A-2BD7-4C70-8E29-EF9424FA39BB}"
EndProject
Project("{FAE04EC0-301F-11D3-BF4B-00C04F79EFBC}") = "RigoRigo.Data", "RigoRigo.Data\RigoRigo.Data.csproj", "{3D4E1773-C946-48A9-9DD8-2172D41F0890}"
EndProject
Project("{FAE04EC0-301F-11D3-BF4B-00C04F79EFBC}") = "RigoRigo.Entities", "RigoRigo.Entities\RigoRigo.Entities.csproj", "{476D68E6-63AD-48BC-B5FD-67C2E76274F9}"
EndProject
Global
	GlobalSection(SolutionConfigurationPlatforms) = preSolution
		Debug|Any CPU = Debug|Any CPU
		Release|Any CPU = Release|Any CPU
	EndGlobalSection
	GlobalSection(ProjectConfigurationPlatforms) = postSolution
		{0E64FC9D-F183-4906-986D-5E949B0501AA}.Debug|Any CPU.ActiveCfg = Debug|Any CPU
		{0E64FC9D-F183-4906-986D-5E949B0501AA}.Debug|Any CPU.Build.0 = Debug|Any CPU
		{0E64FC9D-F183-4906-986D-5E949B0501AA}.Release|Any CPU.ActiveCfg = Release|Any CPU
		{0E64FC9D-F183-4906-986D-5E949B0501AA}.Release|Any CPU.Build.0 = Release|Any CPU
		{7F21067A-2BD7-4C70-8E29-EF9424FA39BB}.Debug|Any CPU.ActiveCfg = Debug|Any CPU
		{7F21067A-2BD7-4C70-8E29-EF9424FA39BB}.Debug|Any CPU.Build.0 = Debug|Any CPU
		{7F21067A-2BD7-4C70-8E29-EF9424FA39BB}.Release|Any CPU.ActiveCfg = Release|Any CPU
		{7F21067A-2BD7-4C70-8E29-EF9424FA39BB}.Release|Any CPU.Build.0 = Release|Any CPU
		{3D4E1773-C946-48A9-9DD8-2172D41F0890}.Debug|Any CPU.ActiveCfg = Debug|Any CPU
		{3D4E1773-C946-48A9-9DD8-2172D41F0890}.Debug|Any CPU.Build.0 = Debug|Any CPU
		{3D4E1773-C946-48A9-9DD8-2172D41F0890}.Release|Any CPU.ActiveCfg = Release|Any CPU
		{3D4E1773-C946-48A9-9DD8-2172D41F0890}.Release|Any CPU.Build.0 = Release|Any CPU
		{476D68E6-63AD-48BC-B5FD-67C2E76274F9}.Debug|Any CPU.ActiveCfg = Debug|Any CPU
		{476D68E6-63AD-48BC-B5FD-67C2E76274F9}.Debug|Any CPU.Build.0 = Debug|Any CPU
		{476D68E6-63AD-48BC-B5FD-67C2E76274F9}.Release|Any CPU.ActiveCfg = Release|Any CPU
		{476D68E6-63AD-48BC-B5FD-67C2E76274F9}.Release|Any CPU.Build.0 = Release|Any CPU
	EndGlobalSection
	GlobalSection(SolutionProperties) = preSolution
		HideSolutionNode = FALSE
	EndGlobalSection
	GlobalSection(ExtensibilityGlobals) = postSolution
		SolutionGuid = {E86E8C76-21E0-4588-B7C0-D27775F770F2}
	EndGlobalSection
EndGlobal
